
Microsoft Visual Studio Solution File, Format Version 12.00
# Visual Studio 15
VisualStudioVersion = 15.0.28307.539
MinimumVisualStudioVersion = 10.0.40219.1
Project("{9A19103F-16F7-4668-BE54-9A1E7A4F7556}") = "CMIM", "CMIM\CMIM.csproj", "{3AE88476-EAB3-4A1F-A70E-38EC34AC5D0A}"
EndProject
Project("{FAE04EC0-301F-11D3-BF4B-00C04F79EFBC}") = "Service Import and Export", "Service Import and Export\Service Import and Export.csproj", "{8F78C389-1B74-4204-8613-46D229DCFD6F}"
EndProject
Global
	GlobalSection(SolutionConfigurationPlatforms) = preSolution
		Debug|Any CPU = Debug|Any CPU
		Release|Any CPU = Release|Any CPU
	EndGlobalSection
	GlobalSection(ProjectConfigurationPlatforms) = postSolution
		{3AE88476-EAB3-4A1F-A70E-38EC34AC5D0A}.Debug|Any CPU.ActiveCfg = Debug|Any CPU
		{3AE88476-EAB3-4A1F-A70E-38EC34AC5D0A}.Debug|Any CPU.Build.0 = Debug|Any CPU
		{3AE88476-EAB3-4A1F-A70E-38EC34AC5D0A}.Release|Any CPU.ActiveCfg = Release|Any CPU
		{3AE88476-EAB3-4A1F-A70E-38EC34AC5D0A}.Release|Any CPU.Build.0 = Release|Any CPU
		{8F78C389-1B74-4204-8613-46D229DCFD6F}.Debug|Any CPU.ActiveCfg = Debug|Any CPU
		{8F78C389-1B74-4204-8613-46D229DCFD6F}.Debug|Any CPU.Build.0 = Debug|Any CPU
		{8F78C389-1B74-4204-8613-46D229DCFD6F}.Release|Any CPU.ActiveCfg = Release|Any CPU
		{8F78C389-1B74-4204-8613-46D229DCFD6F}.Release|Any CPU.Build.0 = Release|Any CPU
	EndGlobalSection
	GlobalSection(SolutionProperties) = preSolution
		HideSolutionNode = FALSE
	EndGlobalSection
	GlobalSection(ExtensibilityGlobals) = postSolution
		SolutionGuid = {23392E2C-E0E6-49CD-B279-30DD46B78728}
	EndGlobalSection
EndGlobal
